
Microsoft Visual Studio Solution File, Format Version 12.00
# Visual Studio 2012
Project("{FAE04EC0-301F-11D3-BF4B-00C04F79EFBC}") = "ATM", "ATM\ATM.csproj", "{14F1E540-2A7F-45AA-B2E2-7C17C34080B5}"
EndProject
Global
	GlobalSection(SolutionConfigurationPlatforms) = preSolution
		Debug|Any CPU = Debug|Any CPU
		Release|Any CPU = Release|Any CPU
	EndGlobalSection
	GlobalSection(ProjectConfigurationPlatforms) = postSolution
		{14F1E540-2A7F-45AA-B2E2-7C17C34080B5}.Debug|Any CPU.ActiveCfg = Debug|Any CPU
		{14F1E540-2A7F-45AA-B2E2-7C17C34080B5}.Debug|Any CPU.Build.0 = Debug|Any CPU
		{14F1E540-2A7F-45AA-B2E2-7C17C34080B5}.Release|Any CPU.ActiveCfg = Release|Any CPU
		{14F1E540-2A7F-45AA-B2E2-7C17C34080B5}.Release|Any CPU.Build.0 = Release|Any CPU
	EndGlobalSection
	GlobalSection(SolutionProperties) = preSolution
		HideSolutionNode = FALSE
	EndGlobalSection
EndGlobal
